// !$*UTF8*$!
{
	archiveVersion = 1;
	classes = {
	};
	objectVersion = 48;
	objects = {

/* Begin PBXBuildFile section */
		52710F241F80F8CD00FBCDA2 /* AppDelegate.swift in Sources */ = {isa = PBXBuildFile; fileRef = 52710F231F80F8CD00FBCDA2 /* AppDelegate.swift */; };
		52710F261F80F8CD00FBCDA2 /* ViewController.swift in Sources */ = {isa = PBXBuildFile; fileRef = 52710F251F80F8CD00FBCDA2 /* ViewController.swift */; };
		52710F291F80F8CD00FBCDA2 /* Main.storyboard in Resources */ = {isa = PBXBuildFile; fileRef = 52710F271F80F8CD00FBCDA2 /* Main.storyboard */; };
		52710F2B1F80F8CD00FBCDA2 /* Assets.xcassets in Resources */ = {isa = PBXBuildFile; fileRef = 52710F2A1F80F8CD00FBCDA2 /* Assets.xcassets */; };
		52710F2E1F80F8CD00FBCDA2 /* LaunchScreen.storyboard in Resources */ = {isa = PBXBuildFile; fileRef = 52710F2C1F80F8CD00FBCDA2 /* LaunchScreen.storyboard */; };
		5280BF961F8121FB001A261F /* CocoaAsyncSocket.framework in Frameworks */ = {isa = PBXBuildFile; fileRef = 5280BF931F8121FB001A261F /* CocoaAsyncSocket.framework */; };
		5280BF971F8121FB001A261F /* CocoaMQTT.framework in Frameworks */ = {isa = PBXBuildFile; fileRef = 5280BF941F8121FB001A261F /* CocoaMQTT.framework */; };
		5280BF981F8121FB001A261F /* SwiftyTimer.framework in Frameworks */ = {isa = PBXBuildFile; fileRef = 5280BF951F8121FB001A261F /* SwiftyTimer.framework */; };
		5280BF9B1F81296F001A261F /* Settings.bundle in Resources */ = {isa = PBXBuildFile; fileRef = 5280BF9A1F81296F001A261F /* Settings.bundle */; };
/* End PBXBuildFile section */

/* Begin PBXFileReference section */
		52710F201F80F8CD00FBCDA2 /* Interface.app */ = {isa = PBXFileReference; explicitFileType = wrapper.application; includeInIndex = 0; path = Interface.app; sourceTree = BUILT_PRODUCTS_DIR; };
		52710F231F80F8CD00FBCDA2 /* AppDelegate.swift */ = {isa = PBXFileReference; lastKnownFileType = sourcecode.swift; path = AppDelegate.swift; sourceTree = "<group>"; };
		52710F251F80F8CD00FBCDA2 /* ViewController.swift */ = {isa = PBXFileReference; lastKnownFileType = sourcecode.swift; path = ViewController.swift; sourceTree = "<group>"; };
		52710F281F80F8CD00FBCDA2 /* Base */ = {isa = PBXFileReference; lastKnownFileType = file.storyboard; name = Base; path = Base.lproj/Main.storyboard; sourceTree = "<group>"; };
		52710F2A1F80F8CD00FBCDA2 /* Assets.xcassets */ = {isa = PBXFileReference; lastKnownFileType = folder.assetcatalog; path = Assets.xcassets; sourceTree = "<group>"; };
		52710F2D1F80F8CD00FBCDA2 /* Base */ = {isa = PBXFileReference; lastKnownFileType = file.storyboard; name = Base; path = Base.lproj/LaunchScreen.storyboard; sourceTree = "<group>"; };
		52710F2F1F80F8CD00FBCDA2 /* Info.plist */ = {isa = PBXFileReference; lastKnownFileType = text.plist.xml; path = Info.plist; sourceTree = "<group>"; };
		5280BF931F8121FB001A261F /* CocoaAsyncSocket.framework */ = {isa = PBXFileReference; lastKnownFileType = wrapper.framework; name = CocoaAsyncSocket.framework; path = Carthage/Build/iOS/CocoaAsyncSocket.framework; sourceTree = "<group>"; };
		5280BF941F8121FB001A261F /* CocoaMQTT.framework */ = {isa = PBXFileReference; lastKnownFileType = wrapper.framework; name = CocoaMQTT.framework; path = Carthage/Build/iOS/CocoaMQTT.framework; sourceTree = "<group>"; };
		5280BF951F8121FB001A261F /* SwiftyTimer.framework */ = {isa = PBXFileReference; lastKnownFileType = wrapper.framework; name = SwiftyTimer.framework; path = Carthage/Build/iOS/SwiftyTimer.framework; sourceTree = "<group>"; };
		5280BF9A1F81296F001A261F /* Settings.bundle */ = {isa = PBXFileReference; lastKnownFileType = "wrapper.plug-in"; path = Settings.bundle; sourceTree = "<group>"; };
/* End PBXFileReference section */

/* Begin PBXFrameworksBuildPhase section */
		52710F1D1F80F8CD00FBCDA2 /* Frameworks */ = {
			isa = PBXFrameworksBuildPhase;
			buildActionMask = 2147483647;
			files = (
				5280BF961F8121FB001A261F /* CocoaAsyncSocket.framework in Frameworks */,
				5280BF971F8121FB001A261F /* CocoaMQTT.framework in Frameworks */,
				5280BF981F8121FB001A261F /* SwiftyTimer.framework in Frameworks */,
			);
			runOnlyForDeploymentPostprocessing = 0;
		};
/* End PBXFrameworksBuildPhase section */

/* Begin PBXGroup section */
		52710F171F80F8CD00FBCDA2 = {
			isa = PBXGroup;
			children = (
				52710F221F80F8CD00FBCDA2 /* Interface */,
				52710F211F80F8CD00FBCDA2 /* Products */,
				5280BF921F8121FB001A261F /* Frameworks */,
			);
			sourceTree = "<group>";
		};
		52710F211F80F8CD00FBCDA2 /* Products */ = {
			isa = PBXGroup;
			children = (
				52710F201F80F8CD00FBCDA2 /* Interface.app */,
			);
			name = Products;
			sourceTree = "<group>";
		};
		52710F221F80F8CD00FBCDA2 /* Interface */ = {
			isa = PBXGroup;
			children = (
				52710F231F80F8CD00FBCDA2 /* AppDelegate.swift */,
				52710F251F80F8CD00FBCDA2 /* ViewController.swift */,
				5280BF9A1F81296F001A261F /* Settings.bundle */,
				52710F271F80F8CD00FBCDA2 /* Main.storyboard */,
				52710F2A1F80F8CD00FBCDA2 /* Assets.xcassets */,
				52710F2C1F80F8CD00FBCDA2 /* LaunchScreen.storyboard */,
				52710F2F1F80F8CD00FBCDA2 /* Info.plist */,
			);
			path = Interface;
			sourceTree = "<group>";
		};
		5280BF921F8121FB001A261F /* Frameworks */ = {
			isa = PBXGroup;
			children = (
				5280BF931F8121FB001A261F /* CocoaAsyncSocket.framework */,
				5280BF941F8121FB001A261F /* CocoaMQTT.framework */,
				5280BF951F8121FB001A261F /* SwiftyTimer.framework */,
			);
			name = Frameworks;
			sourceTree = "<group>";
		};
/* End PBXGroup section */

/* Begin PBXNativeTarget section */
		52710F1F1F80F8CD00FBCDA2 /* Interface */ = {
			isa = PBXNativeTarget;
			buildConfigurationList = 52710F321F80F8CD00FBCDA2 /* Build configuration list for PBXNativeTarget "Interface" */;
			buildPhases = (
				52710F1C1F80F8CD00FBCDA2 /* Sources */,
				52710F1D1F80F8CD00FBCDA2 /* Frameworks */,
				52710F1E1F80F8CD00FBCDA2 /* Resources */,
				5280BF991F81221D001A261F /* ShellScript */,
			);
			buildRules = (
			);
			dependencies = (
			);
			name = Interface;
			productName = Interface;
			productReference = 52710F201F80F8CD00FBCDA2 /* Interface.app */;
			productType = "com.apple.product-type.application";
		};
/* End PBXNativeTarget section */

/* Begin PBXProject section */
		52710F181F80F8CD00FBCDA2 /* Project object */ = {
			isa = PBXProject;
			attributes = {
				LastSwiftUpdateCheck = 0900;
				LastUpgradeCheck = 0900;
				ORGANIZATIONNAME = "Through Momentum";
				TargetAttributes = {
					52710F1F1F80F8CD00FBCDA2 = {
						CreatedOnToolsVersion = 9.0;
						ProvisioningStyle = Automatic;
					};
				};
			};
			buildConfigurationList = 52710F1B1F80F8CD00FBCDA2 /* Build configuration list for PBXProject "Interface" */;
			compatibilityVersion = "Xcode 8.0";
			developmentRegion = en;
			hasScannedForEncodings = 0;
			knownRegions = (
				en,
				Base,
			);
			mainGroup = 52710F171F80F8CD00FBCDA2;
			productRefGroup = 52710F211F80F8CD00FBCDA2 /* Products */;
			projectDirPath = "";
			projectRoot = "";
			targets = (
				52710F1F1F80F8CD00FBCDA2 /* Interface */,
			);
		};
/* End PBXProject section */

/* Begin PBXResourcesBuildPhase section */
		52710F1E1F80F8CD00FBCDA2 /* Resources */ = {
			isa = PBXResourcesBuildPhase;
			buildActionMask = 2147483647;
			files = (
				5280BF9B1F81296F001A261F /* Settings.bundle in Resources */,
				52710F2E1F80F8CD00FBCDA2 /* LaunchScreen.storyboard in Resources */,
				52710F2B1F80F8CD00FBCDA2 /* Assets.xcassets in Resources */,
				52710F291F80F8CD00FBCDA2 /* Main.storyboard in Resources */,
			);
			runOnlyForDeploymentPostprocessing = 0;
		};
/* End PBXResourcesBuildPhase section */

/* Begin PBXShellScriptBuildPhase section */
		5280BF991F81221D001A261F /* ShellScript */ = {
			isa = PBXShellScriptBuildPhase;
			buildActionMask = 2147483647;
			files = (
			);
			inputPaths = (
				"$(SRCROOT)/Carthage/Build/iOS/CocoaAsyncSocket.framework",
				"$(SRCROOT)/Carthage/Build/iOS/CocoaMQTT.framework",
				"$(SRCROOT)/Carthage/Build/iOS/SwiftyTimer.framework",
			);
			outputPaths = (
				"$(BUILT_PRODUCTS_DIR)/$(FRAMEWORKS_FOLDER_PATH)/CocoaAsyncSocket.framework",
				"$(BUILT_PRODUCTS_DIR)/$(FRAMEWORKS_FOLDER_PATH)/CocoaMQTT.framework",
				"$(BUILT_PRODUCTS_DIR)/$(FRAMEWORKS_FOLDER_PATH)/SwiftyTimer.framework",
			);
			runOnlyForDeploymentPostprocessing = 0;
			shellPath = /bin/sh;
			shellScript = "/usr/local/bin/carthage copy-frameworks";
		};
/* End PBXShellScriptBuildPhase section */

/* Begin PBXSourcesBuildPhase section */
		52710F1C1F80F8CD00FBCDA2 /* Sources */ = {
			isa = PBXSourcesBuildPhase;
			buildActionMask = 2147483647;
			files = (
				52710F261F80F8CD00FBCDA2 /* ViewController.swift in Sources */,
				52710F241F80F8CD00FBCDA2 /* AppDelegate.swift in Sources */,
			);
			runOnlyForDeploymentPostprocessing = 0;
		};
/* End PBXSourcesBuildPhase section */

/* Begin PBXVariantGroup section */
		52710F271F80F8CD00FBCDA2 /* Main.storyboard */ = {
			isa = PBXVariantGroup;
			children = (
				52710F281F80F8CD00FBCDA2 /* Base */,
			);
			name = Main.storyboard;
			sourceTree = "<group>";
		};
		52710F2C1F80F8CD00FBCDA2 /* LaunchScreen.storyboard */ = {
			isa = PBXVariantGroup;
			children = (
				52710F2D1F80F8CD00FBCDA2 /* Base */,
			);
			name = LaunchScreen.storyboard;
			sourceTree = "<group>";
		};
/* End PBXVariantGroup section */

/* Begin XCBuildConfiguration section */
		52710F301F80F8CD00FBCDA2 /* Debug */ = {
			isa = XCBuildConfiguration;
			buildSettings = {
				ALWAYS_SEARCH_USER_PATHS = NO;
				CLANG_ANALYZER_NONNULL = YES;
				CLANG_ANALYZER_NUMBER_OBJECT_CONVERSION = YES_AGGRESSIVE;
				CLANG_CXX_LANGUAGE_STANDARD = "gnu++14";
				CLANG_CXX_LIBRARY = "libc++";
				CLANG_ENABLE_MODULES = YES;
				CLANG_ENABLE_OBJC_ARC = YES;
				CLANG_WARN_BLOCK_CAPTURE_AUTORELEASING = YES;
				CLANG_WARN_BOOL_CONVERSION = YES;
				CLANG_WARN_COMMA = YES;
				CLANG_WARN_CONSTANT_CONVERSION = YES;
				CLANG_WARN_DIRECT_OBJC_ISA_USAGE = YES_ERROR;
				CLANG_WARN_DOCUMENTATION_COMMENTS = YES;
				CLANG_WARN_EMPTY_BODY = YES;
				CLANG_WARN_ENUM_CONVERSION = YES;
				CLANG_WARN_INFINITE_RECURSION = YES;
				CLANG_WARN_INT_CONVERSION = YES;
				CLANG_WARN_NON_LITERAL_NULL_CONVERSION = YES;
				CLANG_WARN_OBJC_LITERAL_CONVERSION = YES;
				CLANG_WARN_OBJC_ROOT_CLASS = YES_ERROR;
				CLANG_WARN_RANGE_LOOP_ANALYSIS = YES;
				CLANG_WARN_STRICT_PROTOTYPES = YES;
				CLANG_WARN_SUSPICIOUS_MOVE = YES;
				CLANG_WARN_UNGUARDED_AVAILABILITY = YES_AGGRESSIVE;
				CLANG_WARN_UNREACHABLE_CODE = YES;
				CLANG_WARN__DUPLICATE_METHOD_MATCH = YES;
				CODE_SIGN_IDENTITY = "iPhone Developer";
				COPY_PHASE_STRIP = NO;
				DEBUG_INFORMATION_FORMAT = dwarf;
				ENABLE_STRICT_OBJC_MSGSEND = YES;
				ENABLE_TESTABILITY = YES;
				GCC_C_LANGUAGE_STANDARD = gnu11;
				GCC_DYNAMIC_NO_PIC = NO;
				GCC_NO_COMMON_BLOCKS = YES;
				GCC_OPTIMIZATION_LEVEL = 0;
				GCC_PREPROCESSOR_DEFINITIONS = (
					"DEBUG=1",
					"$(inherited)",
				);
				GCC_WARN_64_TO_32_BIT_CONVERSION = YES;
				GCC_WARN_ABOUT_RETURN_TYPE = YES_ERROR;
				GCC_WARN_UNDECLARED_SELECTOR = YES;
				GCC_WARN_UNINITIALIZED_AUTOS = YES_AGGRESSIVE;
				GCC_WARN_UNUSED_FUNCTION = YES;
				GCC_WARN_UNUSED_VARIABLE = YES;
				IPHONEOS_DEPLOYMENT_TARGET = 9.3;
				MTL_ENABLE_DEBUG_INFO = YES;
				ONLY_ACTIVE_ARCH = YES;
				SDKROOT = iphoneos;
				SWIFT_ACTIVE_COMPILATION_CONDITIONS = DEBUG;
				SWIFT_OPTIMIZATION_LEVEL = "-Onone";
			};
			name = Debug;
		};
		52710F311F80F8CD00FBCDA2 /* Release */ = {
			isa = XCBuildConfiguration;
			buildSettings = {
				ALWAYS_SEARCH_USER_PATHS = NO;
				CLANG_ANALYZER_NONNULL = YES;
				CLANG_ANALYZER_NUMBER_OBJECT_CONVERSION = YES_AGGRESSIVE;
				CLANG_CXX_LANGUAGE_STANDARD = "gnu++14";
				CLANG_CXX_LIBRARY = "libc++";
				CLANG_ENABLE_MODULES = YES;
				CLANG_ENABLE_OBJC_ARC = YES;
				CLANG_WARN_BLOCK_CAPTURE_AUTORELEASING = YES;
				CLANG_WARN_BOOL_CONVERSION = YES;
				CLANG_WARN_COMMA = YES;
				CLANG_WARN_CONSTANT_CONVERSION = YES;
				CLANG_WARN_DIRECT_OBJC_ISA_USAGE = YES_ERROR;
				CLANG_WARN_DOCUMENTATION_COMMENTS = YES;
				CLANG_WARN_EMPTY_BODY = YES;
				CLANG_WARN_ENUM_CONVERSION = YES;
				CLANG_WARN_INFINITE_RECURSION = YES;
				CLANG_WARN_INT_CONVERSION = YES;
				CLANG_WARN_NON_LITERAL_NULL_CONVERSION = YES;
				CLANG_WARN_OBJC_LITERAL_CONVERSION = YES;
				CLANG_WARN_OBJC_ROOT_CLASS = YES_ERROR;
				CLANG_WARN_RANGE_LOOP_ANALYSIS = YES;
				CLANG_WARN_STRICT_PROTOTYPES = YES;
				CLANG_WARN_SUSPICIOUS_MOVE = YES;
				CLANG_WARN_UNGUARDED_AVAILABILITY = YES_AGGRESSIVE;
				CLANG_WARN_UNREACHABLE_CODE = YES;
				CLANG_WARN__DUPLICATE_METHOD_MATCH = YES;
				CODE_SIGN_IDENTITY = "iPhone Developer";
				COPY_PHASE_STRIP = NO;
				DEBUG_INFORMATION_FORMAT = "dwarf-with-dsym";
				ENABLE_NS_ASSERTIONS = NO;
				ENABLE_STRICT_OBJC_MSGSEND = YES;
				GCC_C_LANGUAGE_STANDARD = gnu11;
				GCC_NO_COMMON_BLOCKS = YES;
				GCC_WARN_64_TO_32_BIT_CONVERSION = YES;
				GCC_WARN_ABOUT_RETURN_TYPE = YES_ERROR;
				GCC_WARN_UNDECLARED_SELECTOR = YES;
				GCC_WARN_UNINITIALIZED_AUTOS = YES_AGGRESSIVE;
				GCC_WARN_UNUSED_FUNCTION = YES;
				GCC_WARN_UNUSED_VARIABLE = YES;
				IPHONEOS_DEPLOYMENT_TARGET = 9.3;
				MTL_ENABLE_DEBUG_INFO = NO;
				SDKROOT = iphoneos;
				SWIFT_OPTIMIZATION_LEVEL = "-Owholemodule";
				VALIDATE_PRODUCT = YES;
			};
			name = Release;
		};
		52710F331F80F8CD00FBCDA2 /* Debug */ = {
			isa = XCBuildConfiguration;
			buildSettings = {
				ASSETCATALOG_COMPILER_APPICON_NAME = "App Icon";
				CODE_SIGN_STYLE = Automatic;
				DEVELOPMENT_TEAM = R6TU3S9Z3Y;
				FRAMEWORK_SEARCH_PATHS = (
					"$(inherited)",
					"$(PROJECT_DIR)/Carthage/Build/iOS",
				);
				INFOPLIST_FILE = Interface/Info.plist;
				LD_RUNPATH_SEARCH_PATHS = "$(inherited) @executable_path/Frameworks";
				PRODUCT_BUNDLE_IDENTIFIER = com.throughmomentum.Interface;
				PRODUCT_NAME = "$(TARGET_NAME)";
				SWIFT_VERSION = 4.0;
				TARGETED_DEVICE_FAMILY = 2;
			};
			name = Debug;
		};
		52710F341F80F8CD00FBCDA2 /* Release */ = {
			isa = XCBuildConfiguration;
			buildSettings = {
				ASSETCATALOG_COMPILER_APPICON_NAME = "App Icon";
				CODE_SIGN_STYLE = Automatic;
				DEVELOPMENT_TEAM = R6TU3S9Z3Y;
				FRAMEWORK_SEARCH_PATHS = (
					"$(inherited)",
					"$(PROJECT_DIR)/Carthage/Build/iOS",
				);
				INFOPLIST_FILE = Interface/Info.plist;
				LD_RUNPATH_SEARCH_PATHS = "$(inherited) @executable_path/Frameworks";
				PRODUCT_BUNDLE_IDENTIFIER = com.throughmomentum.Interface;
				PRODUCT_NAME = "$(TARGET_NAME)";
				SWIFT_VERSION = 4.0;
				TARGETED_DEVICE_FAMILY = 2;
			};
			name = Release;
		};
/* End XCBuildConfiguration section */

/* Begin XCConfigurationList section */
		52710F1B1F80F8CD00FBCDA2 /* Build configuration list for PBXProject "Interface" */ = {
			isa = XCConfigurationList;
			buildConfigurations = (
				52710F301F80F8CD00FBCDA2 /* Debug */,
				52710F311F80F8CD00FBCDA2 /* Release */,
			);
			defaultConfigurationIsVisible = 0;
			defaultConfigurationName = Release;
		};
		52710F321F80F8CD00FBCDA2 /* Build configuration list for PBXNativeTarget "Interface" */ = {
			isa = XCConfigurationList;
			buildConfigurations = (
				52710F331F80F8CD00FBCDA2 /* Debug */,
				52710F341F80F8CD00FBCDA2 /* Release */,
			);
			defaultConfigurationIsVisible = 0;
			defaultConfigurationName = Release;
		};
/* End XCConfigurationList section */
	};
	rootObject = 52710F181F80F8CD00FBCDA2 /* Project object */;
}
