// !$*UTF8*$!
{
	archiveVersion = 1;
	classes = {
	};
	objectVersion = 48;
	objects = {

/* Begin PBXBuildFile section */
		0D6112460C4B105DC2262C2E /* Pods_Controller.framework in Frameworks */ = {isa = PBXBuildFile; fileRef = 0B126483DA4B0ECE37F8B978 /* Pods_Controller.framework */; };
		524E465B1F89831300F95429 /* AppDelegate.swift in Sources */ = {isa = PBXBuildFile; fileRef = 524E465A1F89831300F95429 /* AppDelegate.swift */; };
		524E46641F89831300F95429 /* Main.storyboard in Resources */ = {isa = PBXBuildFile; fileRef = 524E46621F89831300F95429 /* Main.storyboard */; };
		524E46661F89831300F95429 /* Assets.xcassets in Resources */ = {isa = PBXBuildFile; fileRef = 524E46651F89831300F95429 /* Assets.xcassets */; };
		524E46691F89831300F95429 /* LaunchScreen.storyboard in Resources */ = {isa = PBXBuildFile; fileRef = 524E46671F89831300F95429 /* LaunchScreen.storyboard */; };
		524E46731F89875200F95429 /* MainViewController.swift in Sources */ = {isa = PBXBuildFile; fileRef = 524E46721F89875200F95429 /* MainViewController.swift */; };
		524E46771F898EDF00F95429 /* CircleView.swift in Sources */ = {isa = PBXBuildFile; fileRef = 524E46761F898EDE00F95429 /* CircleView.swift */; };
		524E46811F8A2A2D00F95429 /* Settings.bundle in Resources */ = {isa = PBXBuildFile; fileRef = 524E46781F8A231800F95429 /* Settings.bundle */; };
		524E46831F8A356200F95429 /* DetailViewController.swift in Sources */ = {isa = PBXBuildFile; fileRef = 524E46821F8A356200F95429 /* DetailViewController.swift */; };
/* End PBXBuildFile section */

/* Begin PBXFileReference section */
		0B126483DA4B0ECE37F8B978 /* Pods_Controller.framework */ = {isa = PBXFileReference; explicitFileType = wrapper.framework; includeInIndex = 0; path = Pods_Controller.framework; sourceTree = BUILT_PRODUCTS_DIR; };
		0F45DB5C3E1D514154C2F652 /* Pods-Controller.debug.xcconfig */ = {isa = PBXFileReference; includeInIndex = 1; lastKnownFileType = text.xcconfig; name = "Pods-Controller.debug.xcconfig"; path = "Pods/Target Support Files/Pods-Controller/Pods-Controller.debug.xcconfig"; sourceTree = "<group>"; };
		524E46571F89831300F95429 /* Controller.app */ = {isa = PBXFileReference; explicitFileType = wrapper.application; includeInIndex = 0; path = Controller.app; sourceTree = BUILT_PRODUCTS_DIR; };
		524E465A1F89831300F95429 /* AppDelegate.swift */ = {isa = PBXFileReference; lastKnownFileType = sourcecode.swift; path = AppDelegate.swift; sourceTree = "<group>"; };
		524E46631F89831300F95429 /* Base */ = {isa = PBXFileReference; lastKnownFileType = file.storyboard; name = Base; path = Base.lproj/Main.storyboard; sourceTree = "<group>"; };
		524E46651F89831300F95429 /* Assets.xcassets */ = {isa = PBXFileReference; lastKnownFileType = folder.assetcatalog; path = Assets.xcassets; sourceTree = "<group>"; };
		524E46681F89831300F95429 /* Base */ = {isa = PBXFileReference; lastKnownFileType = file.storyboard; name = Base; path = Base.lproj/LaunchScreen.storyboard; sourceTree = "<group>"; };
		524E466A1F89831300F95429 /* Info.plist */ = {isa = PBXFileReference; lastKnownFileType = text.plist.xml; path = Info.plist; sourceTree = "<group>"; };
		524E46721F89875200F95429 /* MainViewController.swift */ = {isa = PBXFileReference; lastKnownFileType = sourcecode.swift; path = MainViewController.swift; sourceTree = "<group>"; };
		524E46761F898EDE00F95429 /* CircleView.swift */ = {isa = PBXFileReference; lastKnownFileType = sourcecode.swift; path = CircleView.swift; sourceTree = "<group>"; };
		524E46781F8A231800F95429 /* Settings.bundle */ = {isa = PBXFileReference; lastKnownFileType = "wrapper.plug-in"; path = Settings.bundle; sourceTree = "<group>"; };
		524E46821F8A356200F95429 /* DetailViewController.swift */ = {isa = PBXFileReference; lastKnownFileType = sourcecode.swift; path = DetailViewController.swift; sourceTree = "<group>"; };
		D1253079A745E1E3D9182CB4 /* Pods-Controller.release.xcconfig */ = {isa = PBXFileReference; includeInIndex = 1; lastKnownFileType = text.xcconfig; name = "Pods-Controller.release.xcconfig"; path = "Pods/Target Support Files/Pods-Controller/Pods-Controller.release.xcconfig"; sourceTree = "<group>"; };
/* End PBXFileReference section */

/* Begin PBXFrameworksBuildPhase section */
		524E46541F89831300F95429 /* Frameworks */ = {
			isa = PBXFrameworksBuildPhase;
			buildActionMask = 2147483647;
			files = (
				0D6112460C4B105DC2262C2E /* Pods_Controller.framework in Frameworks */,
			);
			runOnlyForDeploymentPostprocessing = 0;
		};
/* End PBXFrameworksBuildPhase section */

/* Begin PBXGroup section */
		0884C1AEB1F2F88CB148B21A /* Pods */ = {
			isa = PBXGroup;
			children = (
				0F45DB5C3E1D514154C2F652 /* Pods-Controller.debug.xcconfig */,
				D1253079A745E1E3D9182CB4 /* Pods-Controller.release.xcconfig */,
			);
			name = Pods;
			sourceTree = "<group>";
		};
		524E464E1F89831300F95429 = {
			isa = PBXGroup;
			children = (
				524E46591F89831300F95429 /* Controller */,
				524E46581F89831300F95429 /* Products */,
				0884C1AEB1F2F88CB148B21A /* Pods */,
				6AC7839921CD5B375B4A3CF9 /* Frameworks */,
			);
			sourceTree = "<group>";
		};
		524E46581F89831300F95429 /* Products */ = {
			isa = PBXGroup;
			children = (
				524E46571F89831300F95429 /* Controller.app */,
			);
			name = Products;
			sourceTree = "<group>";
		};
		524E46591F89831300F95429 /* Controller */ = {
			isa = PBXGroup;
			children = (
				524E465A1F89831300F95429 /* AppDelegate.swift */,
				524E46721F89875200F95429 /* MainViewController.swift */,
				524E46821F8A356200F95429 /* DetailViewController.swift */,
				524E46761F898EDE00F95429 /* CircleView.swift */,
				524E46781F8A231800F95429 /* Settings.bundle */,
				524E46651F89831300F95429 /* Assets.xcassets */,
				524E46621F89831300F95429 /* Main.storyboard */,
				524E46671F89831300F95429 /* LaunchScreen.storyboard */,
				524E466A1F89831300F95429 /* Info.plist */,
			);
			path = Controller;
			sourceTree = "<group>";
		};
		6AC7839921CD5B375B4A3CF9 /* Frameworks */ = {
			isa = PBXGroup;
			children = (
				0B126483DA4B0ECE37F8B978 /* Pods_Controller.framework */,
			);
			name = Frameworks;
			sourceTree = "<group>";
		};
/* End PBXGroup section */

/* Begin PBXNativeTarget section */
		524E46561F89831300F95429 /* Controller */ = {
			isa = PBXNativeTarget;
			buildConfigurationList = 524E466D1F89831300F95429 /* Build configuration list for PBXNativeTarget "Controller" */;
			buildPhases = (
				49D84E4FF90FA69FAE1AE229 /* [CP] Check Pods Manifest.lock */,
				524E46531F89831300F95429 /* Sources */,
				524E46541F89831300F95429 /* Frameworks */,
				524E46551F89831300F95429 /* Resources */,
				1CE86523E694EC4010309673 /* [CP] Embed Pods Frameworks */,
			);
			buildRules = (
			);
			dependencies = (
			);
			name = Controller;
			productName = Controller;
			productReference = 524E46571F89831300F95429 /* Controller.app */;
			productType = "com.apple.product-type.application";
		};
/* End PBXNativeTarget section */

/* Begin PBXProject section */
		524E464F1F89831300F95429 /* Project object */ = {
			isa = PBXProject;
			attributes = {
				LastSwiftUpdateCheck = 0900;
				LastUpgradeCheck = 0940;
				ORGANIZATIONNAME = "Through Momentum";
				TargetAttributes = {
					524E46561F89831300F95429 = {
						CreatedOnToolsVersion = 9.0;
						ProvisioningStyle = Automatic;
					};
				};
			};
			buildConfigurationList = 524E46521F89831300F95429 /* Build configuration list for PBXProject "Controller" */;
			compatibilityVersion = "Xcode 8.0";
			developmentRegion = en;
			hasScannedForEncodings = 0;
			knownRegions = (
				en,
				Base,
			);
			mainGroup = 524E464E1F89831300F95429;
			productRefGroup = 524E46581F89831300F95429 /* Products */;
			projectDirPath = "";
			projectRoot = "";
			targets = (
				524E46561F89831300F95429 /* Controller */,
			);
		};
/* End PBXProject section */

/* Begin PBXResourcesBuildPhase section */
		524E46551F89831300F95429 /* Resources */ = {
			isa = PBXResourcesBuildPhase;
			buildActionMask = 2147483647;
			files = (
				524E46811F8A2A2D00F95429 /* Settings.bundle in Resources */,
				524E46691F89831300F95429 /* LaunchScreen.storyboard in Resources */,
				524E46661F89831300F95429 /* Assets.xcassets in Resources */,
				524E46641F89831300F95429 /* Main.storyboard in Resources */,
			);
			runOnlyForDeploymentPostprocessing = 0;
		};
/* End PBXResourcesBuildPhase section */

/* Begin PBXShellScriptBuildPhase section */
		1CE86523E694EC4010309673 /* [CP] Embed Pods Frameworks */ = {
			isa = PBXShellScriptBuildPhase;
			buildActionMask = 2147483647;
			files = (
			);
			inputPaths = (
				"${SRCROOT}/Pods/Target Support Files/Pods-Controller/Pods-Controller-frameworks.sh",
				"${BUILT_PRODUCTS_DIR}/CocoaAsyncSocket/CocoaAsyncSocket.framework",
				"${BUILT_PRODUCTS_DIR}/CocoaMQTT/CocoaMQTT.framework",
				"${BUILT_PRODUCTS_DIR}/SwiftyTimer/SwiftyTimer.framework",
			);
			name = "[CP] Embed Pods Frameworks";
			outputPaths = (
				"${TARGET_BUILD_DIR}/${FRAMEWORKS_FOLDER_PATH}/CocoaAsyncSocket.framework",
				"${TARGET_BUILD_DIR}/${FRAMEWORKS_FOLDER_PATH}/CocoaMQTT.framework",
				"${TARGET_BUILD_DIR}/${FRAMEWORKS_FOLDER_PATH}/SwiftyTimer.framework",
			);
			runOnlyForDeploymentPostprocessing = 0;
			shellPath = /bin/sh;
			shellScript = "\"${SRCROOT}/Pods/Target Support Files/Pods-Controller/Pods-Controller-frameworks.sh\"\n";
			showEnvVarsInLog = 0;
		};
		49D84E4FF90FA69FAE1AE229 /* [CP] Check Pods Manifest.lock */ = {
			isa = PBXShellScriptBuildPhase;
			buildActionMask = 2147483647;
			files = (
			);
			inputPaths = (
				"${PODS_PODFILE_DIR_PATH}/Podfile.lock",
				"${PODS_ROOT}/Manifest.lock",
			);
			name = "[CP] Check Pods Manifest.lock";
			outputPaths = (
				"$(DERIVED_FILE_DIR)/Pods-Controller-checkManifestLockResult.txt",
			);
			runOnlyForDeploymentPostprocessing = 0;
			shellPath = /bin/sh;
			shellScript = "diff \"${PODS_PODFILE_DIR_PATH}/Podfile.lock\" \"${PODS_ROOT}/Manifest.lock\" > /dev/null\nif [ $? != 0 ] ; then\n    # print error to STDERR\n    echo \"error: The sandbox is not in sync with the Podfile.lock. Run 'pod install' or update your CocoaPods installation.\" >&2\n    exit 1\nfi\n# This output is used by Xcode 'outputs' to avoid re-running this script phase.\necho \"SUCCESS\" > \"${SCRIPT_OUTPUT_FILE_0}\"\n";
			showEnvVarsInLog = 0;
		};
/* End PBXShellScriptBuildPhase section */

/* Begin PBXSourcesBuildPhase section */
		524E46531F89831300F95429 /* Sources */ = {
			isa = PBXSourcesBuildPhase;
			buildActionMask = 2147483647;
			files = (
				524E465B1F89831300F95429 /* AppDelegate.swift in Sources */,
				524E46771F898EDF00F95429 /* CircleView.swift in Sources */,
				524E46731F89875200F95429 /* MainViewController.swift in Sources */,
				524E46831F8A356200F95429 /* DetailViewController.swift in Sources */,
			);
			runOnlyForDeploymentPostprocessing = 0;
		};
/* End PBXSourcesBuildPhase section */

/* Begin PBXVariantGroup section */
		524E46621F89831300F95429 /* Main.storyboard */ = {
			isa = PBXVariantGroup;
			children = (
				524E46631F89831300F95429 /* Base */,
			);
			name = Main.storyboard;
			sourceTree = "<group>";
		};
		524E46671F89831300F95429 /* LaunchScreen.storyboard */ = {
			isa = PBXVariantGroup;
			children = (
				524E46681F89831300F95429 /* Base */,
			);
			name = LaunchScreen.storyboard;
			sourceTree = "<group>";
		};
/* End PBXVariantGroup section */

/* Begin XCBuildConfiguration section */
		524E466B1F89831300F95429 /* Debug */ = {
			isa = XCBuildConfiguration;
			buildSettings = {
				ALWAYS_SEARCH_USER_PATHS = NO;
				CLANG_ANALYZER_NONNULL = YES;
				CLANG_ANALYZER_NUMBER_OBJECT_CONVERSION = YES_AGGRESSIVE;
				CLANG_CXX_LANGUAGE_STANDARD = "gnu++14";
				CLANG_CXX_LIBRARY = "libc++";
				CLANG_ENABLE_MODULES = YES;
				CLANG_ENABLE_OBJC_ARC = YES;
				CLANG_WARN_BLOCK_CAPTURE_AUTORELEASING = YES;
				CLANG_WARN_BOOL_CONVERSION = YES;
				CLANG_WARN_COMMA = YES;
				CLANG_WARN_CONSTANT_CONVERSION = YES;
				CLANG_WARN_DEPRECATED_OBJC_IMPLEMENTATIONS = YES;
				CLANG_WARN_DIRECT_OBJC_ISA_USAGE = YES_ERROR;
				CLANG_WARN_DOCUMENTATION_COMMENTS = YES;
				CLANG_WARN_EMPTY_BODY = YES;
				CLANG_WARN_ENUM_CONVERSION = YES;
				CLANG_WARN_INFINITE_RECURSION = YES;
				CLANG_WARN_INT_CONVERSION = YES;
				CLANG_WARN_NON_LITERAL_NULL_CONVERSION = YES;
				CLANG_WARN_OBJC_IMPLICIT_RETAIN_SELF = YES;
				CLANG_WARN_OBJC_LITERAL_CONVERSION = YES;
				CLANG_WARN_OBJC_ROOT_CLASS = YES_ERROR;
				CLANG_WARN_RANGE_LOOP_ANALYSIS = YES;
				CLANG_WARN_STRICT_PROTOTYPES = YES;
				CLANG_WARN_SUSPICIOUS_MOVE = YES;
				CLANG_WARN_UNGUARDED_AVAILABILITY = YES_AGGRESSIVE;
				CLANG_WARN_UNREACHABLE_CODE = YES;
				CLANG_WARN__DUPLICATE_METHOD_MATCH = YES;
				CODE_SIGN_IDENTITY = "iPhone Developer";
				COPY_PHASE_STRIP = NO;
				DEBUG_INFORMATION_FORMAT = dwarf;
				ENABLE_STRICT_OBJC_MSGSEND = YES;
				ENABLE_TESTABILITY = YES;
				GCC_C_LANGUAGE_STANDARD = gnu11;
				GCC_DYNAMIC_NO_PIC = NO;
				GCC_NO_COMMON_BLOCKS = YES;
				GCC_OPTIMIZATION_LEVEL = 0;
				GCC_PREPROCESSOR_DEFINITIONS = (
					"DEBUG=1",
					"$(inherited)",
				);
				GCC_WARN_64_TO_32_BIT_CONVERSION = YES;
				GCC_WARN_ABOUT_RETURN_TYPE = YES_ERROR;
				GCC_WARN_UNDECLARED_SELECTOR = YES;
				GCC_WARN_UNINITIALIZED_AUTOS = YES_AGGRESSIVE;
				GCC_WARN_UNUSED_FUNCTION = YES;
				GCC_WARN_UNUSED_VARIABLE = YES;
				IPHONEOS_DEPLOYMENT_TARGET = 9.3;
				MTL_ENABLE_DEBUG_INFO = YES;
				ONLY_ACTIVE_ARCH = YES;
				SDKROOT = iphoneos;
				SWIFT_ACTIVE_COMPILATION_CONDITIONS = DEBUG;
				SWIFT_OPTIMIZATION_LEVEL = "-Onone";
			};
			name = Debug;
		};
		524E466C1F89831300F95429 /* Release */ = {
			isa = XCBuildConfiguration;
			buildSettings = {
				ALWAYS_SEARCH_USER_PATHS = NO;
				CLANG_ANALYZER_NONNULL = YES;
				CLANG_ANALYZER_NUMBER_OBJECT_CONVERSION = YES_AGGRESSIVE;
				CLANG_CXX_LANGUAGE_STANDARD = "gnu++14";
				CLANG_CXX_LIBRARY = "libc++";
				CLANG_ENABLE_MODULES = YES;
				CLANG_ENABLE_OBJC_ARC = YES;
				CLANG_WARN_BLOCK_CAPTURE_AUTORELEASING = YES;
				CLANG_WARN_BOOL_CONVERSION = YES;
				CLANG_WARN_COMMA = YES;
				CLANG_WARN_CONSTANT_CONVERSION = YES;
				CLANG_WARN_DEPRECATED_OBJC_IMPLEMENTATIONS = YES;
				CLANG_WARN_DIRECT_OBJC_ISA_USAGE = YES_ERROR;
				CLANG_WARN_DOCUMENTATION_COMMENTS = YES;
				CLANG_WARN_EMPTY_BODY = YES;
				CLANG_WARN_ENUM_CONVERSION = YES;
				CLANG_WARN_INFINITE_RECURSION = YES;
				CLANG_WARN_INT_CONVERSION = YES;
				CLANG_WARN_NON_LITERAL_NULL_CONVERSION = YES;
				CLANG_WARN_OBJC_IMPLICIT_RETAIN_SELF = YES;
				CLANG_WARN_OBJC_LITERAL_CONVERSION = YES;
				CLANG_WARN_OBJC_ROOT_CLASS = YES_ERROR;
				CLANG_WARN_RANGE_LOOP_ANALYSIS = YES;
				CLANG_WARN_STRICT_PROTOTYPES = YES;
				CLANG_WARN_SUSPICIOUS_MOVE = YES;
				CLANG_WARN_UNGUARDED_AVAILABILITY = YES_AGGRESSIVE;
				CLANG_WARN_UNREACHABLE_CODE = YES;
				CLANG_WARN__DUPLICATE_METHOD_MATCH = YES;
				CODE_SIGN_IDENTITY = "iPhone Developer";
				COPY_PHASE_STRIP = NO;
				DEBUG_INFORMATION_FORMAT = "dwarf-with-dsym";
				ENABLE_NS_ASSERTIONS = NO;
				ENABLE_STRICT_OBJC_MSGSEND = YES;
				GCC_C_LANGUAGE_STANDARD = gnu11;
				GCC_NO_COMMON_BLOCKS = YES;
				GCC_WARN_64_TO_32_BIT_CONVERSION = YES;
				GCC_WARN_ABOUT_RETURN_TYPE = YES_ERROR;
				GCC_WARN_UNDECLARED_SELECTOR = YES;
				GCC_WARN_UNINITIALIZED_AUTOS = YES_AGGRESSIVE;
				GCC_WARN_UNUSED_FUNCTION = YES;
				GCC_WARN_UNUSED_VARIABLE = YES;
				IPHONEOS_DEPLOYMENT_TARGET = 9.3;
				MTL_ENABLE_DEBUG_INFO = NO;
				SDKROOT = iphoneos;
				SWIFT_OPTIMIZATION_LEVEL = "-Owholemodule";
				VALIDATE_PRODUCT = YES;
			};
			name = Release;
		};
		524E466E1F89831300F95429 /* Debug */ = {
			isa = XCBuildConfiguration;
			baseConfigurationReference = 0F45DB5C3E1D514154C2F652 /* Pods-Controller.debug.xcconfig */;
			buildSettings = {
				ASSETCATALOG_COMPILER_APPICON_NAME = AppIcon;
				CODE_SIGN_STYLE = Automatic;
				DEVELOPMENT_TEAM = TU3UR5MTVQ;
				FRAMEWORK_SEARCH_PATHS = "$(inherited)";
				INFOPLIST_FILE = Controller/Info.plist;
				LD_RUNPATH_SEARCH_PATHS = "$(inherited) @executable_path/Frameworks";
				PRODUCT_BUNDLE_IDENTIFIER = com.throughmomentum.Controller;
				PRODUCT_NAME = "$(TARGET_NAME)";
				SWIFT_VERSION = 4.0;
				TARGETED_DEVICE_FAMILY = 2;
			};
			name = Debug;
		};
		524E466F1F89831300F95429 /* Release */ = {
			isa = XCBuildConfiguration;
			baseConfigurationReference = D1253079A745E1E3D9182CB4 /* Pods-Controller.release.xcconfig */;
			buildSettings = {
				ASSETCATALOG_COMPILER_APPICON_NAME = AppIcon;
				CODE_SIGN_STYLE = Automatic;
				DEVELOPMENT_TEAM = TU3UR5MTVQ;
				FRAMEWORK_SEARCH_PATHS = "$(inherited)";
				INFOPLIST_FILE = Controller/Info.plist;
				LD_RUNPATH_SEARCH_PATHS = "$(inherited) @executable_path/Frameworks";
				PRODUCT_BUNDLE_IDENTIFIER = com.throughmomentum.Controller;
				PRODUCT_NAME = "$(TARGET_NAME)";
				SWIFT_VERSION = 4.0;
				TARGETED_DEVICE_FAMILY = 2;
			};
			name = Release;
		};
/* End XCBuildConfiguration section */

/* Begin XCConfigurationList section */
		524E46521F89831300F95429 /* Build configuration list for PBXProject "Controller" */ = {
			isa = XCConfigurationList;
			buildConfigurations = (
				524E466B1F89831300F95429 /* Debug */,
				524E466C1F89831300F95429 /* Release */,
			);
			defaultConfigurationIsVisible = 0;
			defaultConfigurationName = Release;
		};
		524E466D1F89831300F95429 /* Build configuration list for PBXNativeTarget "Controller" */ = {
			isa = XCConfigurationList;
			buildConfigurations = (
				524E466E1F89831300F95429 /* Debug */,
				524E466F1F89831300F95429 /* Release */,
			);
			defaultConfigurationIsVisible = 0;
			defaultConfigurationName = Release;
		};
/* End XCConfigurationList section */
	};
	rootObject = 524E464F1F89831300F95429 /* Project object */;
}
